
Microsoft Visual Studio Solution File, Format Version 12.00
# Visual Studio 2013
VisualStudioVersion = 12.0.30110.0
MinimumVisualStudioVersion = 10.0.40219.1
Project("{FAE04EC0-301F-11D3-BF4B-00C04F79EFBC}") = "ParsingService", "ParsingService\ParsingService.csproj", "{724FF50A-762F-47D9-8535-5086E68639EC}"
EndProject
Project("{FAE04EC0-301F-11D3-BF4B-00C04F79EFBC}") = "ConsoleHost", "ConsoleHost\ConsoleHost.csproj", "{C38BA8ED-669D-46B2-AF22-267FAC28F8A1}"
EndProject
Global
	GlobalSection(SolutionConfigurationPlatforms) = preSolution
		Debug|Any CPU = Debug|Any CPU
		Release|Any CPU = Release|Any CPU
	EndGlobalSection
	GlobalSection(ProjectConfigurationPlatforms) = postSolution
		{724FF50A-762F-47D9-8535-5086E68639EC}.Debug|Any CPU.ActiveCfg = Debug|Any CPU
		{724FF50A-762F-47D9-8535-5086E68639EC}.Debug|Any CPU.Build.0 = Debug|Any CPU
		{724FF50A-762F-47D9-8535-5086E68639EC}.Release|Any CPU.ActiveCfg = Release|Any CPU
		{724FF50A-762F-47D9-8535-5086E68639EC}.Release|Any CPU.Build.0 = Release|Any CPU
		{C38BA8ED-669D-46B2-AF22-267FAC28F8A1}.Debug|Any CPU.ActiveCfg = Debug|Any CPU
		{C38BA8ED-669D-46B2-AF22-267FAC28F8A1}.Debug|Any CPU.Build.0 = Debug|Any CPU
		{C38BA8ED-669D-46B2-AF22-267FAC28F8A1}.Release|Any CPU.ActiveCfg = Release|Any CPU
		{C38BA8ED-669D-46B2-AF22-267FAC28F8A1}.Release|Any CPU.Build.0 = Release|Any CPU
	EndGlobalSection
	GlobalSection(SolutionProperties) = preSolution
		HideSolutionNode = FALSE
	EndGlobalSection
EndGlobal
